// !$*UTF8*$!
{
	archiveVersion = 1;
	classes = {
	};
	objectVersion = 55;
	objects = {

/* Begin PBXBuildFile section */
		C1232D812825F79D008D9E08 /* AppDelegate.swift in Sources */ = {isa = PBXBuildFile; fileRef = C1232D802825F79D008D9E08 /* AppDelegate.swift */; };
		C1232D832825F79D008D9E08 /* SceneDelegate.swift in Sources */ = {isa = PBXBuildFile; fileRef = C1232D822825F79D008D9E08 /* SceneDelegate.swift */; };
		C1232D882825F79D008D9E08 /* Main.storyboard in Resources */ = {isa = PBXBuildFile; fileRef = C1232D862825F79D008D9E08 /* Main.storyboard */; };
		C1232D8A2825F79E008D9E08 /* Assets.xcassets in Resources */ = {isa = PBXBuildFile; fileRef = C1232D892825F79E008D9E08 /* Assets.xcassets */; };
		C1232D8D2825F79E008D9E08 /* LaunchScreen.storyboard in Resources */ = {isa = PBXBuildFile; fileRef = C1232D8B2825F79E008D9E08 /* LaunchScreen.storyboard */; };
		C1232D982825F7F6008D9E08 /* Story.swift in Sources */ = {isa = PBXBuildFile; fileRef = C1232D962825F7F6008D9E08 /* Story.swift */; };
		C1232D992825F7F6008D9E08 /* StoryBrain.swift in Sources */ = {isa = PBXBuildFile; fileRef = C1232D972825F7F6008D9E08 /* StoryBrain.swift */; };
		C14309472825FAD500930F6F /* ViewController.swift in Sources */ = {isa = PBXBuildFile; fileRef = C14309462825FAD500930F6F /* ViewController.swift */; };
		C143094B2826105600930F6F /* screenshot.png in Resources */ = {isa = PBXBuildFile; fileRef = C143094A2826105600930F6F /* screenshot.png */; };
/* End PBXBuildFile section */

/* Begin PBXFileReference section */
		C1232D7D2825F79D008D9E08 /* destini.app */ = {isa = PBXFileReference; explicitFileType = wrapper.application; includeInIndex = 0; path = destini.app; sourceTree = BUILT_PRODUCTS_DIR; };
		C1232D802825F79D008D9E08 /* AppDelegate.swift */ = {isa = PBXFileReference; lastKnownFileType = sourcecode.swift; path = AppDelegate.swift; sourceTree = "<group>"; };
		C1232D822825F79D008D9E08 /* SceneDelegate.swift */ = {isa = PBXFileReference; lastKnownFileType = sourcecode.swift; path = SceneDelegate.swift; sourceTree = "<group>"; };
		C1232D872825F79D008D9E08 /* Base */ = {isa = PBXFileReference; lastKnownFileType = file.storyboard; name = Base; path = Base.lproj/Main.storyboard; sourceTree = "<group>"; };
		C1232D892825F79E008D9E08 /* Assets.xcassets */ = {isa = PBXFileReference; lastKnownFileType = folder.assetcatalog; path = Assets.xcassets; sourceTree = "<group>"; };
		C1232D8C2825F79E008D9E08 /* Base */ = {isa = PBXFileReference; lastKnownFileType = file.storyboard; name = Base; path = Base.lproj/LaunchScreen.storyboard; sourceTree = "<group>"; };
		C1232D8E2825F79E008D9E08 /* Info.plist */ = {isa = PBXFileReference; lastKnownFileType = text.plist.xml; path = Info.plist; sourceTree = "<group>"; };
		C1232D962825F7F6008D9E08 /* Story.swift */ = {isa = PBXFileReference; fileEncoding = 4; lastKnownFileType = sourcecode.swift; path = Story.swift; sourceTree = "<group>"; };
		C1232D972825F7F6008D9E08 /* StoryBrain.swift */ = {isa = PBXFileReference; fileEncoding = 4; lastKnownFileType = sourcecode.swift; path = StoryBrain.swift; sourceTree = "<group>"; };
		C14309462825FAD500930F6F /* ViewController.swift */ = {isa = PBXFileReference; fileEncoding = 4; lastKnownFileType = sourcecode.swift; path = ViewController.swift; sourceTree = "<group>"; };
		C143094A2826105600930F6F /* screenshot.png */ = {isa = PBXFileReference; lastKnownFileType = image.png; path = screenshot.png; sourceTree = "<group>"; };
/* End PBXFileReference section */

/* Begin PBXFrameworksBuildPhase section */
		C1232D7A2825F79D008D9E08 /* Frameworks */ = {
			isa = PBXFrameworksBuildPhase;
			buildActionMask = 2147483647;
			files = (
			);
			runOnlyForDeploymentPostprocessing = 0;
		};
/* End PBXFrameworksBuildPhase section */

/* Begin PBXGroup section */
		C1232D742825F79D008D9E08 = {
			isa = PBXGroup;
			children = (
				C14309492826104400930F6F /* Documentation */,
				C1232D7F2825F79D008D9E08 /* destini */,
				C1232D7E2825F79D008D9E08 /* Products */,
			);
			sourceTree = "<group>";
		};
		C1232D7E2825F79D008D9E08 /* Products */ = {
			isa = PBXGroup;
			children = (
				C1232D7D2825F79D008D9E08 /* destini.app */,
			);
			name = Products;
			sourceTree = "<group>";
		};
		C1232D7F2825F79D008D9E08 /* destini */ = {
			isa = PBXGroup;
			children = (
				C14309482825FAE500930F6F /* Controller */,
				C1232D9A2825F832008D9E08 /* View */,
				C1232D952825F7EC008D9E08 /* Model */,
				C1232D802825F79D008D9E08 /* AppDelegate.swift */,
				C1232D822825F79D008D9E08 /* SceneDelegate.swift */,
				C1232D892825F79E008D9E08 /* Assets.xcassets */,
				C1232D8B2825F79E008D9E08 /* LaunchScreen.storyboard */,
				C1232D8E2825F79E008D9E08 /* Info.plist */,
			);
			path = destini;
			sourceTree = "<group>";
		};
		C1232D952825F7EC008D9E08 /* Model */ = {
			isa = PBXGroup;
			children = (
				C1232D962825F7F6008D9E08 /* Story.swift */,
				C1232D972825F7F6008D9E08 /* StoryBrain.swift */,
			);
			path = Model;
			sourceTree = "<group>";
		};
		C1232D9A2825F832008D9E08 /* View */ = {
			isa = PBXGroup;
			children = (
				C1232D862825F79D008D9E08 /* Main.storyboard */,
			);
			path = View;
			sourceTree = "<group>";
		};
		C14309482825FAE500930F6F /* Controller */ = {
			isa = PBXGroup;
			children = (
				C14309462825FAD500930F6F /* ViewController.swift */,
			);
			path = Controller;
			sourceTree = "<group>";
		};
		C14309492826104400930F6F /* Documentation */ = {
			isa = PBXGroup;
			children = (
				C143094A2826105600930F6F /* screenshot.png */,
			);
			path = Documentation;
			sourceTree = "<group>";
		};
/* End PBXGroup section */

/* Begin PBXNativeTarget section */
		C1232D7C2825F79D008D9E08 /* destini */ = {
			isa = PBXNativeTarget;
			buildConfigurationList = C1232D912825F79E008D9E08 /* Build configuration list for PBXNativeTarget "destini" */;
			buildPhases = (
				C1232D792825F79D008D9E08 /* Sources */,
				C1232D7A2825F79D008D9E08 /* Frameworks */,
				C1232D7B2825F79D008D9E08 /* Resources */,
			);
			buildRules = (
			);
			dependencies = (
			);
			name = destini;
			productName = destini;
			productReference = C1232D7D2825F79D008D9E08 /* destini.app */;
			productType = "com.apple.product-type.application";
		};
/* End PBXNativeTarget section */

/* Begin PBXProject section */
		C1232D752825F79D008D9E08 /* Project object */ = {
			isa = PBXProject;
			attributes = {
				BuildIndependentTargetsInParallel = 1;
				LastSwiftUpdateCheck = 1330;
				LastUpgradeCheck = 1330;
				TargetAttributes = {
					C1232D7C2825F79D008D9E08 = {
						CreatedOnToolsVersion = 13.3.1;
					};
				};
			};
			buildConfigurationList = C1232D782825F79D008D9E08 /* Build configuration list for PBXProject "destini" */;
			compatibilityVersion = "Xcode 13.0";
			developmentRegion = en;
			hasScannedForEncodings = 0;
			knownRegions = (
				en,
				Base,
			);
			mainGroup = C1232D742825F79D008D9E08;
			productRefGroup = C1232D7E2825F79D008D9E08 /* Products */;
			projectDirPath = "";
			projectRoot = "";
			targets = (
				C1232D7C2825F79D008D9E08 /* destini */,
			);
		};
/* End PBXProject section */

/* Begin PBXResourcesBuildPhase section */
		C1232D7B2825F79D008D9E08 /* Resources */ = {
			isa = PBXResourcesBuildPhase;
			buildActionMask = 2147483647;
			files = (
				C1232D8D2825F79E008D9E08 /* LaunchScreen.storyboard in Resources */,
				C143094B2826105600930F6F /* screenshot.png in Resources */,
				C1232D8A2825F79E008D9E08 /* Assets.xcassets in Resources */,
				C1232D882825F79D008D9E08 /* Main.storyboard in Resources */,
			);
			runOnlyForDeploymentPostprocessing = 0;
		};
/* End PBXResourcesBuildPhase section */

/* Begin PBXSourcesBuildPhase section */
		C1232D792825F79D008D9E08 /* Sources */ = {
			isa = PBXSourcesBuildPhase;
			buildActionMask = 2147483647;
			files = (
				C14309472825FAD500930F6F /* ViewController.swift in Sources */,
				C1232D992825F7F6008D9E08 /* StoryBrain.swift in Sources */,
				C1232D812825F79D008D9E08 /* AppDelegate.swift in Sources */,
				C1232D832825F79D008D9E08 /* SceneDelegate.swift in Sources */,
				C1232D982825F7F6008D9E08 /* Story.swift in Sources */,
			);
			runOnlyForDeploymentPostprocessing = 0;
		};
/* End PBXSourcesBuildPhase section */

/* Begin PBXVariantGroup section */
		C1232D862825F79D008D9E08 /* Main.storyboard */ = {
			isa = PBXVariantGroup;
			children = (
				C1232D872825F79D008D9E08 /* Base */,
			);
			name = Main.storyboard;
			sourceTree = "<group>";
		};
		C1232D8B2825F79E008D9E08 /* LaunchScreen.storyboard */ = {
			isa = PBXVariantGroup;
			children = (
				C1232D8C2825F79E008D9E08 /* Base */,
			);
			name = LaunchScreen.storyboard;
			sourceTree = "<group>";
		};
/* End PBXVariantGroup section */

/* Begin XCBuildConfiguration section */
		C1232D8F2825F79E008D9E08 /* Debug */ = {
			isa = XCBuildConfiguration;
			buildSettings = {
				ALWAYS_SEARCH_USER_PATHS = NO;
				CLANG_ANALYZER_NONNULL = YES;
				CLANG_ANALYZER_NUMBER_OBJECT_CONVERSION = YES_AGGRESSIVE;
				CLANG_CXX_LANGUAGE_STANDARD = "gnu++17";
				CLANG_ENABLE_MODULES = YES;
				CLANG_ENABLE_OBJC_ARC = YES;
				CLANG_ENABLE_OBJC_WEAK = YES;
				CLANG_WARN_BLOCK_CAPTURE_AUTORELEASING = YES;
				CLANG_WARN_BOOL_CONVERSION = YES;
				CLANG_WARN_COMMA = YES;
				CLANG_WARN_CONSTANT_CONVERSION = YES;
				CLANG_WARN_DEPRECATED_OBJC_IMPLEMENTATIONS = YES;
				CLANG_WARN_DIRECT_OBJC_ISA_USAGE = YES_ERROR;
				CLANG_WARN_DOCUMENTATION_COMMENTS = YES;
				CLANG_WARN_EMPTY_BODY = YES;
				CLANG_WARN_ENUM_CONVERSION = YES;
				CLANG_WARN_INFINITE_RECURSION = YES;
				CLANG_WARN_INT_CONVERSION = YES;
				CLANG_WARN_NON_LITERAL_NULL_CONVERSION = YES;
				CLANG_WARN_OBJC_IMPLICIT_RETAIN_SELF = YES;
				CLANG_WARN_OBJC_LITERAL_CONVERSION = YES;
				CLANG_WARN_OBJC_ROOT_CLASS = YES_ERROR;
				CLANG_WARN_QUOTED_INCLUDE_IN_FRAMEWORK_HEADER = YES;
				CLANG_WARN_RANGE_LOOP_ANALYSIS = YES;
				CLANG_WARN_STRICT_PROTOTYPES = YES;
				CLANG_WARN_SUSPICIOUS_MOVE = YES;
				CLANG_WARN_UNGUARDED_AVAILABILITY = YES_AGGRESSIVE;
				CLANG_WARN_UNREACHABLE_CODE = YES;
				CLANG_WARN__DUPLICATE_METHOD_MATCH = YES;
				COPY_PHASE_STRIP = NO;
				DEBUG_INFORMATION_FORMAT = dwarf;
				ENABLE_STRICT_OBJC_MSGSEND = YES;
				ENABLE_TESTABILITY = YES;
				GCC_C_LANGUAGE_STANDARD = gnu11;
				GCC_DYNAMIC_NO_PIC = NO;
				GCC_NO_COMMON_BLOCKS = YES;
				GCC_OPTIMIZATION_LEVEL = 0;
				GCC_PREPROCESSOR_DEFINITIONS = (
					"DEBUG=1",
					"$(inherited)",
				);
				GCC_WARN_64_TO_32_BIT_CONVERSION = YES;
				GCC_WARN_ABOUT_RETURN_TYPE = YES_ERROR;
				GCC_WARN_UNDECLARED_SELECTOR = YES;
				GCC_WARN_UNINITIALIZED_AUTOS = YES_AGGRESSIVE;
				GCC_WARN_UNUSED_FUNCTION = YES;
				GCC_WARN_UNUSED_VARIABLE = YES;
				IPHONEOS_DEPLOYMENT_TARGET = 15.4;
				MTL_ENABLE_DEBUG_INFO = INCLUDE_SOURCE;
				MTL_FAST_MATH = YES;
				ONLY_ACTIVE_ARCH = YES;
				SDKROOT = iphoneos;
				SWIFT_ACTIVE_COMPILATION_CONDITIONS = DEBUG;
				SWIFT_OPTIMIZATION_LEVEL = "-Onone";
			};
			name = Debug;
		};
		C1232D902825F79E008D9E08 /* Release */ = {
			isa = XCBuildConfiguration;
			buildSettings = {
				ALWAYS_SEARCH_USER_PATHS = NO;
				CLANG_ANALYZER_NONNULL = YES;
				CLANG_ANALYZER_NUMBER_OBJECT_CONVERSION = YES_AGGRESSIVE;
				CLANG_CXX_LANGUAGE_STANDARD = "gnu++17";
				CLANG_ENABLE_MODULES = YES;
				CLANG_ENABLE_OBJC_ARC = YES;
				CLANG_ENABLE_OBJC_WEAK = YES;
				CLANG_WARN_BLOCK_CAPTURE_AUTORELEASING = YES;
				CLANG_WARN_BOOL_CONVERSION = YES;
				CLANG_WARN_COMMA = YES;
				CLANG_WARN_CONSTANT_CONVERSION = YES;
				CLANG_WARN_DEPRECATED_OBJC_IMPLEMENTATIONS = YES;
				CLANG_WARN_DIRECT_OBJC_ISA_USAGE = YES_ERROR;
				CLANG_WARN_DOCUMENTATION_COMMENTS = YES;
				CLANG_WARN_EMPTY_BODY = YES;
				CLANG_WARN_ENUM_CONVERSION = YES;
				CLANG_WARN_INFINITE_RECURSION = YES;
				CLANG_WARN_INT_CONVERSION = YES;
				CLANG_WARN_NON_LITERAL_NULL_CONVERSION = YES;
				CLANG_WARN_OBJC_IMPLICIT_RETAIN_SELF = YES;
				CLANG_WARN_OBJC_LITERAL_CONVERSION = YES;
				CLANG_WARN_OBJC_ROOT_CLASS = YES_ERROR;
				CLANG_WARN_QUOTED_INCLUDE_IN_FRAMEWORK_HEADER = YES;
				CLANG_WARN_RANGE_LOOP_ANALYSIS = YES;
				CLANG_WARN_STRICT_PROTOTYPES = YES;
				CLANG_WARN_SUSPICIOUS_MOVE = YES;
				CLANG_WARN_UNGUARDED_AVAILABILITY = YES_AGGRESSIVE;
				CLANG_WARN_UNREACHABLE_CODE = YES;
				CLANG_WARN__DUPLICATE_METHOD_MATCH = YES;
				COPY_PHASE_STRIP = NO;
				DEBUG_INFORMATION_FORMAT = "dwarf-with-dsym";
				ENABLE_NS_ASSERTIONS = NO;
				ENABLE_STRICT_OBJC_MSGSEND = YES;
				GCC_C_LANGUAGE_STANDARD = gnu11;
				GCC_NO_COMMON_BLOCKS = YES;
				GCC_WARN_64_TO_32_BIT_CONVERSION = YES;
				GCC_WARN_ABOUT_RETURN_TYPE = YES_ERROR;
				GCC_WARN_UNDECLARED_SELECTOR = YES;
				GCC_WARN_UNINITIALIZED_AUTOS = YES_AGGRESSIVE;
				GCC_WARN_UNUSED_FUNCTION = YES;
				GCC_WARN_UNUSED_VARIABLE = YES;
				IPHONEOS_DEPLOYMENT_TARGET = 15.4;
				MTL_ENABLE_DEBUG_INFO = NO;
				MTL_FAST_MATH = YES;
				SDKROOT = iphoneos;
				SWIFT_COMPILATION_MODE = wholemodule;
				SWIFT_OPTIMIZATION_LEVEL = "-O";
				VALIDATE_PRODUCT = YES;
			};
			name = Release;
		};
		C1232D922825F79E008D9E08 /* Debug */ = {
			isa = XCBuildConfiguration;
			buildSettings = {
				ASSETCATALOG_COMPILER_APPICON_NAME = AppIcon;
				ASSETCATALOG_COMPILER_GLOBAL_ACCENT_COLOR_NAME = AccentColor;
				CODE_SIGN_STYLE = Automatic;
				CURRENT_PROJECT_VERSION = 1;
				GENERATE_INFOPLIST_FILE = YES;
				INFOPLIST_FILE = destini/Info.plist;
				INFOPLIST_KEY_UIApplicationSupportsIndirectInputEvents = YES;
				INFOPLIST_KEY_UILaunchStoryboardName = LaunchScreen;
				INFOPLIST_KEY_UIMainStoryboardFile = Main;
				INFOPLIST_KEY_UISupportedInterfaceOrientations_iPad = "UIInterfaceOrientationPortrait UIInterfaceOrientationPortraitUpsideDown UIInterfaceOrientationLandscapeLeft UIInterfaceOrientationLandscapeRight";
				INFOPLIST_KEY_UISupportedInterfaceOrientations_iPhone = "UIInterfaceOrientationPortrait UIInterfaceOrientationLandscapeLeft UIInterfaceOrientationLandscapeRight";
				LD_RUNPATH_SEARCH_PATHS = (
					"$(inherited)",
					"@executable_path/Frameworks",
				);
				MARKETING_VERSION = 1.0;
				PRODUCT_BUNDLE_IDENTIFIER = com.hugosilvag6.destini;
				PRODUCT_NAME = "$(TARGET_NAME)";
				SWIFT_EMIT_LOC_STRINGS = YES;
				SWIFT_VERSION = 5.0;
				TARGETED_DEVICE_FAMILY = "1,2";
			};
			name = Debug;
		};
		C1232D932825F79E008D9E08 /* Release */ = {
			isa = XCBuildConfiguration;
			buildSettings = {
				ASSETCATALOG_COMPILER_APPICON_NAME = AppIcon;
				ASSETCATALOG_COMPILER_GLOBAL_ACCENT_COLOR_NAME = AccentColor;
				CODE_SIGN_STYLE = Automatic;
				CURRENT_PROJECT_VERSION = 1;
				GENERATE_INFOPLIST_FILE = YES;
				INFOPLIST_FILE = destini/Info.plist;
				INFOPLIST_KEY_UIApplicationSupportsIndirectInputEvents = YES;
				INFOPLIST_KEY_UILaunchStoryboardName = LaunchScreen;
				INFOPLIST_KEY_UIMainStoryboardFile = Main;
				INFOPLIST_KEY_UISupportedInterfaceOrientations_iPad = "UIInterfaceOrientationPortrait UIInterfaceOrientationPortraitUpsideDown UIInterfaceOrientationLandscapeLeft UIInterfaceOrientationLandscapeRight";
				INFOPLIST_KEY_UISupportedInterfaceOrientations_iPhone = "UIInterfaceOrientationPortrait UIInterfaceOrientationLandscapeLeft UIInterfaceOrientationLandscapeRight";
				LD_RUNPATH_SEARCH_PATHS = (
					"$(inherited)",
					"@executable_path/Frameworks",
				);
				MARKETING_VERSION = 1.0;
				PRODUCT_BUNDLE_IDENTIFIER = com.hugosilvag6.destini;
				PRODUCT_NAME = "$(TARGET_NAME)";
				SWIFT_EMIT_LOC_STRINGS = YES;
				SWIFT_VERSION = 5.0;
				TARGETED_DEVICE_FAMILY = "1,2";
			};
			name = Release;
		};
/* End XCBuildConfiguration section */

/* Begin XCConfigurationList section */
		C1232D782825F79D008D9E08 /* Build configuration list for PBXProject "destini" */ = {
			isa = XCConfigurationList;
			buildConfigurations = (
				C1232D8F2825F79E008D9E08 /* Debug */,
				C1232D902825F79E008D9E08 /* Release */,
			);
			defaultConfigurationIsVisible = 0;
			defaultConfigurationName = Release;
		};
		C1232D912825F79E008D9E08 /* Build configuration list for PBXNativeTarget "destini" */ = {
			isa = XCConfigurationList;
			buildConfigurations = (
				C1232D922825F79E008D9E08 /* Debug */,
				C1232D932825F79E008D9E08 /* Release */,
			);
			defaultConfigurationIsVisible = 0;
			defaultConfigurationName = Release;
		};
/* End XCConfigurationList section */
	};
	rootObject = C1232D752825F79D008D9E08 /* Project object */;
}
